
Microsoft Visual Studio Solution File, Format Version 12.00
# Visual Studio 14
VisualStudioVersion = 14.0.25420.1
MinimumVisualStudioVersion = 10.0.40219.1
Project("{FAE04EC0-301F-11D3-BF4B-00C04F79EFBC}") = "ContentModeratorSDK", "ContentModeratorSDK\ContentModeratorSDK.csproj", "{961284A5-1E23-416B-ABA0-FF28C2327CAB}"
EndProject
Project("{FAE04EC0-301F-11D3-BF4B-00C04F79EFBC}") = "ContentModeratorSDK.Test", "ContentModeratorSDK.Tests\ContentModeratorSDK.Test.csproj", "{4C761CA8-EFB3-4AA8-8999-9D58C50033A2}"
EndProject
Global
	GlobalSection(SolutionConfigurationPlatforms) = preSolution
		Debug|Any CPU = Debug|Any CPU
		Debug|x64 = Debug|x64
		Release|Any CPU = Release|Any CPU
		Release|x64 = Release|x64
	EndGlobalSection
	GlobalSection(ProjectConfigurationPlatforms) = postSolution
		{961284A5-1E23-416B-ABA0-FF28C2327CAB}.Debug|Any CPU.ActiveCfg = Debug|Any CPU
		{961284A5-1E23-416B-ABA0-FF28C2327CAB}.Debug|Any CPU.Build.0 = Debug|Any CPU
		{961284A5-1E23-416B-ABA0-FF28C2327CAB}.Debug|x64.ActiveCfg = Debug|Any CPU
		{961284A5-1E23-416B-ABA0-FF28C2327CAB}.Debug|x64.Build.0 = Debug|Any CPU
		{961284A5-1E23-416B-ABA0-FF28C2327CAB}.Release|Any CPU.ActiveCfg = Release|Any CPU
		{961284A5-1E23-416B-ABA0-FF28C2327CAB}.Release|Any CPU.Build.0 = Release|Any CPU
		{961284A5-1E23-416B-ABA0-FF28C2327CAB}.Release|x64.ActiveCfg = Release|Any CPU
		{961284A5-1E23-416B-ABA0-FF28C2327CAB}.Release|x64.Build.0 = Release|Any CPU
		{4C761CA8-EFB3-4AA8-8999-9D58C50033A2}.Debug|Any CPU.ActiveCfg = Debug|Any CPU
		{4C761CA8-EFB3-4AA8-8999-9D58C50033A2}.Debug|Any CPU.Build.0 = Debug|Any CPU
		{4C761CA8-EFB3-4AA8-8999-9D58C50033A2}.Debug|x64.ActiveCfg = Debug|x64
		{4C761CA8-EFB3-4AA8-8999-9D58C50033A2}.Debug|x64.Build.0 = Debug|x64
		{4C761CA8-EFB3-4AA8-8999-9D58C50033A2}.Release|Any CPU.ActiveCfg = Release|Any CPU
		{4C761CA8-EFB3-4AA8-8999-9D58C50033A2}.Release|Any CPU.Build.0 = Release|Any CPU
		{4C761CA8-EFB3-4AA8-8999-9D58C50033A2}.Release|x64.ActiveCfg = Release|x64
		{4C761CA8-EFB3-4AA8-8999-9D58C50033A2}.Release|x64.Build.0 = Release|x64
	EndGlobalSection
	GlobalSection(SolutionProperties) = preSolution
		HideSolutionNode = FALSE
	EndGlobalSection
	GlobalSection(TeamFoundationVersionControl) = preSolution
		SccNumberOfProjects = 3
		SccEnterpriseProvider = {4CA58AB2-18FA-4F8D-95D4-32DDF27D184C}
		SccTeamFoundationServer = https://baconator.visualstudio.com/defaultcollection
		SccLocalPath0 = .
		SccProjectUniqueName1 = ContentModeratorSDK_V2\\ContentModeratorSDK.csproj
		SccProjectName1 = ContentModeratorSDK_V2
		SccLocalPath1 = ContentModeratorSDK_V2
		SccProjectUniqueName2 = ContentModeratorSDK\\ContentModeratorSDK.Test.csproj
		SccProjectName2 = ContentModeratorSDK
		SccLocalPath2 = ContentModeratorSDK
	EndGlobalSection
EndGlobal
